// !$*UTF8*$!
{
	archiveVersion = 1;
	classes = {
	};
	objectVersion = 50;
	objects = {

/* Begin PBXBuildFile section */
		C908AC00241D46C700C2D646 /* ItemDetailsVC.swift in Sources */ = {isa = PBXBuildFile; fileRef = C908ABFF241D46C700C2D646 /* ItemDetailsVC.swift */; };
		C9581326241BA0160004C1BD /* AppDelegate.swift in Sources */ = {isa = PBXBuildFile; fileRef = C9581325241BA0160004C1BD /* AppDelegate.swift */; };
		C9581328241BA0160004C1BD /* MainVC.swift in Sources */ = {isa = PBXBuildFile; fileRef = C9581327241BA0160004C1BD /* MainVC.swift */; };
		C958132B241BA0160004C1BD /* Main.storyboard in Resources */ = {isa = PBXBuildFile; fileRef = C9581329241BA0160004C1BD /* Main.storyboard */; };
		C958132E241BA0160004C1BD /* DreamLister.xcdatamodeld in Sources */ = {isa = PBXBuildFile; fileRef = C958132C241BA0160004C1BD /* DreamLister.xcdatamodeld */; };
		C9581330241BA0260004C1BD /* Assets.xcassets in Resources */ = {isa = PBXBuildFile; fileRef = C958132F241BA0260004C1BD /* Assets.xcassets */; };
		C9581333241BA0260004C1BD /* LaunchScreen.storyboard in Resources */ = {isa = PBXBuildFile; fileRef = C9581331241BA0260004C1BD /* LaunchScreen.storyboard */; };
		C958133B241CA7830004C1BD /* MaterialView.swift in Sources */ = {isa = PBXBuildFile; fileRef = C958133A241CA7830004C1BD /* MaterialView.swift */; };
		C9581343241CB0CA0004C1BD /* ItemCell.swift in Sources */ = {isa = PBXBuildFile; fileRef = C9581342241CB0CA0004C1BD /* ItemCell.swift */; };
		C9CD5BF2241F70A7000E31A3 /* tesla.jpg in Resources */ = {isa = PBXBuildFile; fileRef = C9CD5BF1241F70A6000E31A3 /* tesla.jpg */; };
		C9CD5BF4241FBD7A000E31A3 /* CustomTextField.swift in Sources */ = {isa = PBXBuildFile; fileRef = C9CD5BF3241FBD7A000E31A3 /* CustomTextField.swift */; };
/* End PBXBuildFile section */

/* Begin PBXFileReference section */
		C908ABFF241D46C700C2D646 /* ItemDetailsVC.swift */ = {isa = PBXFileReference; lastKnownFileType = sourcecode.swift; path = ItemDetailsVC.swift; sourceTree = "<group>"; };
		C9581322241BA0160004C1BD /* DreamLister.app */ = {isa = PBXFileReference; explicitFileType = wrapper.application; includeInIndex = 0; path = DreamLister.app; sourceTree = BUILT_PRODUCTS_DIR; };
		C9581325241BA0160004C1BD /* AppDelegate.swift */ = {isa = PBXFileReference; lastKnownFileType = sourcecode.swift; path = AppDelegate.swift; sourceTree = "<group>"; };
		C9581327241BA0160004C1BD /* MainVC.swift */ = {isa = PBXFileReference; lastKnownFileType = sourcecode.swift; path = MainVC.swift; sourceTree = "<group>"; };
		C958132A241BA0160004C1BD /* Base */ = {isa = PBXFileReference; lastKnownFileType = file.storyboard; name = Base; path = Base.lproj/Main.storyboard; sourceTree = "<group>"; };
		C958132D241BA0160004C1BD /* DreamLister.xcdatamodel */ = {isa = PBXFileReference; lastKnownFileType = wrapper.xcdatamodel; path = DreamLister.xcdatamodel; sourceTree = "<group>"; };
		C958132F241BA0260004C1BD /* Assets.xcassets */ = {isa = PBXFileReference; lastKnownFileType = folder.assetcatalog; path = Assets.xcassets; sourceTree = "<group>"; };
		C9581332241BA0260004C1BD /* Base */ = {isa = PBXFileReference; lastKnownFileType = file.storyboard; name = Base; path = Base.lproj/LaunchScreen.storyboard; sourceTree = "<group>"; };
		C9581334241BA0260004C1BD /* Info.plist */ = {isa = PBXFileReference; lastKnownFileType = text.plist.xml; path = Info.plist; sourceTree = "<group>"; };
		C958133A241CA7830004C1BD /* MaterialView.swift */ = {isa = PBXFileReference; lastKnownFileType = sourcecode.swift; path = MaterialView.swift; sourceTree = "<group>"; };
		C9581342241CB0CA0004C1BD /* ItemCell.swift */ = {isa = PBXFileReference; lastKnownFileType = sourcecode.swift; path = ItemCell.swift; sourceTree = "<group>"; };
		C9CD5BF1241F70A6000E31A3 /* tesla.jpg */ = {isa = PBXFileReference; lastKnownFileType = image.jpeg; path = tesla.jpg; sourceTree = "<group>"; };
		C9CD5BF3241FBD7A000E31A3 /* CustomTextField.swift */ = {isa = PBXFileReference; fileEncoding = 4; lastKnownFileType = sourcecode.swift; path = CustomTextField.swift; sourceTree = "<group>"; };
/* End PBXFileReference section */

/* Begin PBXFrameworksBuildPhase section */
		C958131F241BA0160004C1BD /* Frameworks */ = {
			isa = PBXFrameworksBuildPhase;
			buildActionMask = 2147483647;
			files = (
			);
			runOnlyForDeploymentPostprocessing = 0;
		};
/* End PBXFrameworksBuildPhase section */

/* Begin PBXGroup section */
		C908ABFE241D467C00C2D646 /* Controller */ = {
			isa = PBXGroup;
			children = (
				C9581327241BA0160004C1BD /* MainVC.swift */,
				C908ABFF241D46C700C2D646 /* ItemDetailsVC.swift */,
			);
			path = Controller;
			sourceTree = "<group>";
		};
		C9581319241BA0160004C1BD = {
			isa = PBXGroup;
			children = (
				C9581324241BA0160004C1BD /* DreamLister */,
				C9581323241BA0160004C1BD /* Products */,
			);
			sourceTree = "<group>";
		};
		C9581323241BA0160004C1BD /* Products */ = {
			isa = PBXGroup;
			children = (
				C9581322241BA0160004C1BD /* DreamLister.app */,
			);
			name = Products;
			sourceTree = "<group>";
		};
		C9581324241BA0160004C1BD /* DreamLister */ = {
			isa = PBXGroup;
			children = (
				C958133F241CB07C0004C1BD /* View */,
				C9581325241BA0160004C1BD /* AppDelegate.swift */,
				C908ABFE241D467C00C2D646 /* Controller */,
				C9CD5BF1241F70A6000E31A3 /* tesla.jpg */,
				C9581329241BA0160004C1BD /* Main.storyboard */,
				C958132F241BA0260004C1BD /* Assets.xcassets */,
				C9581331241BA0260004C1BD /* LaunchScreen.storyboard */,
				C9581334241BA0260004C1BD /* Info.plist */,
				C958132C241BA0160004C1BD /* DreamLister.xcdatamodeld */,
			);
			path = DreamLister;
			sourceTree = "<group>";
		};
		C958133F241CB07C0004C1BD /* View */ = {
			isa = PBXGroup;
			children = (
				C958133A241CA7830004C1BD /* MaterialView.swift */,
				C9581342241CB0CA0004C1BD /* ItemCell.swift */,
				C9CD5BF3241FBD7A000E31A3 /* CustomTextField.swift */,
			);
			path = View;
			sourceTree = "<group>";
		};
/* End PBXGroup section */

/* Begin PBXNativeTarget section */
		C9581321241BA0160004C1BD /* DreamLister */ = {
			isa = PBXNativeTarget;
			buildConfigurationList = C9581337241BA0260004C1BD /* Build configuration list for PBXNativeTarget "DreamLister" */;
			buildPhases = (
				C958131E241BA0160004C1BD /* Sources */,
				C958131F241BA0160004C1BD /* Frameworks */,
				C9581320241BA0160004C1BD /* Resources */,
			);
			buildRules = (
			);
			dependencies = (
			);
			name = DreamLister;
			productName = DreamLister;
			productReference = C9581322241BA0160004C1BD /* DreamLister.app */;
			productType = "com.apple.product-type.application";
		};
/* End PBXNativeTarget section */

/* Begin PBXProject section */
		C958131A241BA0160004C1BD /* Project object */ = {
			isa = PBXProject;
			attributes = {
				LastSwiftUpdateCheck = 1010;
				LastUpgradeCheck = 1010;
				ORGANIZATIONNAME = DeviSons;
				TargetAttributes = {
					C9581321241BA0160004C1BD = {
						CreatedOnToolsVersion = 10.1;
					};
				};
			};
			buildConfigurationList = C958131D241BA0160004C1BD /* Build configuration list for PBXProject "DreamLister" */;
			compatibilityVersion = "Xcode 9.3";
			developmentRegion = en;
			hasScannedForEncodings = 0;
			knownRegions = (
				en,
				Base,
			);
			mainGroup = C9581319241BA0160004C1BD;
			productRefGroup = C9581323241BA0160004C1BD /* Products */;
			projectDirPath = "";
			projectRoot = "";
			targets = (
				C9581321241BA0160004C1BD /* DreamLister */,
			);
		};
/* End PBXProject section */

/* Begin PBXResourcesBuildPhase section */
		C9581320241BA0160004C1BD /* Resources */ = {
			isa = PBXResourcesBuildPhase;
			buildActionMask = 2147483647;
			files = (
				C9581333241BA0260004C1BD /* LaunchScreen.storyboard in Resources */,
				C9CD5BF2241F70A7000E31A3 /* tesla.jpg in Resources */,
				C9581330241BA0260004C1BD /* Assets.xcassets in Resources */,
				C958132B241BA0160004C1BD /* Main.storyboard in Resources */,
			);
			runOnlyForDeploymentPostprocessing = 0;
		};
/* End PBXResourcesBuildPhase section */

/* Begin PBXSourcesBuildPhase section */
		C958131E241BA0160004C1BD /* Sources */ = {
			isa = PBXSourcesBuildPhase;
			buildActionMask = 2147483647;
			files = (
				C9CD5BF4241FBD7A000E31A3 /* CustomTextField.swift in Sources */,
				C9581328241BA0160004C1BD /* MainVC.swift in Sources */,
				C908AC00241D46C700C2D646 /* ItemDetailsVC.swift in Sources */,
				C9581326241BA0160004C1BD /* AppDelegate.swift in Sources */,
				C958132E241BA0160004C1BD /* DreamLister.xcdatamodeld in Sources */,
				C958133B241CA7830004C1BD /* MaterialView.swift in Sources */,
				C9581343241CB0CA0004C1BD /* ItemCell.swift in Sources */,
			);
			runOnlyForDeploymentPostprocessing = 0;
		};
/* End PBXSourcesBuildPhase section */

/* Begin PBXVariantGroup section */
		C9581329241BA0160004C1BD /* Main.storyboard */ = {
			isa = PBXVariantGroup;
			children = (
				C958132A241BA0160004C1BD /* Base */,
			);
			name = Main.storyboard;
			sourceTree = "<group>";
		};
		C9581331241BA0260004C1BD /* LaunchScreen.storyboard */ = {
			isa = PBXVariantGroup;
			children = (
				C9581332241BA0260004C1BD /* Base */,
			);
			name = LaunchScreen.storyboard;
			sourceTree = "<group>";
		};
/* End PBXVariantGroup section */

/* Begin XCBuildConfiguration section */
		C9581335241BA0260004C1BD /* Debug */ = {
			isa = XCBuildConfiguration;
			buildSettings = {
				ALWAYS_SEARCH_USER_PATHS = NO;
				CLANG_ANALYZER_NONNULL = YES;
				CLANG_ANALYZER_NUMBER_OBJECT_CONVERSION = YES_AGGRESSIVE;
				CLANG_CXX_LANGUAGE_STANDARD = "gnu++14";
				CLANG_CXX_LIBRARY = "libc++";
				CLANG_ENABLE_MODULES = YES;
				CLANG_ENABLE_OBJC_ARC = YES;
				CLANG_ENABLE_OBJC_WEAK = YES;
				CLANG_WARN_BLOCK_CAPTURE_AUTORELEASING = YES;
				CLANG_WARN_BOOL_CONVERSION = YES;
				CLANG_WARN_COMMA = YES;
				CLANG_WARN_CONSTANT_CONVERSION = YES;
				CLANG_WARN_DEPRECATED_OBJC_IMPLEMENTATIONS = YES;
				CLANG_WARN_DIRECT_OBJC_ISA_USAGE = YES_ERROR;
				CLANG_WARN_DOCUMENTATION_COMMENTS = YES;
				CLANG_WARN_EMPTY_BODY = YES;
				CLANG_WARN_ENUM_CONVERSION = YES;
				CLANG_WARN_INFINITE_RECURSION = YES;
				CLANG_WARN_INT_CONVERSION = YES;
				CLANG_WARN_NON_LITERAL_NULL_CONVERSION = YES;
				CLANG_WARN_OBJC_IMPLICIT_RETAIN_SELF = YES;
				CLANG_WARN_OBJC_LITERAL_CONVERSION = YES;
				CLANG_WARN_OBJC_ROOT_CLASS = YES_ERROR;
				CLANG_WARN_RANGE_LOOP_ANALYSIS = YES;
				CLANG_WARN_STRICT_PROTOTYPES = YES;
				CLANG_WARN_SUSPICIOUS_MOVE = YES;
				CLANG_WARN_UNGUARDED_AVAILABILITY = YES_AGGRESSIVE;
				CLANG_WARN_UNREACHABLE_CODE = YES;
				CLANG_WARN__DUPLICATE_METHOD_MATCH = YES;
				CODE_SIGN_IDENTITY = "iPhone Developer";
				COPY_PHASE_STRIP = NO;
				DEBUG_INFORMATION_FORMAT = dwarf;
				ENABLE_STRICT_OBJC_MSGSEND = YES;
				ENABLE_TESTABILITY = YES;
				GCC_C_LANGUAGE_STANDARD = gnu11;
				GCC_DYNAMIC_NO_PIC = NO;
				GCC_NO_COMMON_BLOCKS = YES;
				GCC_OPTIMIZATION_LEVEL = 0;
				GCC_PREPROCESSOR_DEFINITIONS = (
					"DEBUG=1",
					"$(inherited)",
				);
				GCC_WARN_64_TO_32_BIT_CONVERSION = YES;
				GCC_WARN_ABOUT_RETURN_TYPE = YES_ERROR;
				GCC_WARN_UNDECLARED_SELECTOR = YES;
				GCC_WARN_UNINITIALIZED_AUTOS = YES_AGGRESSIVE;
				GCC_WARN_UNUSED_FUNCTION = YES;
				GCC_WARN_UNUSED_VARIABLE = YES;
				IPHONEOS_DEPLOYMENT_TARGET = 12.1;
				MTL_ENABLE_DEBUG_INFO = INCLUDE_SOURCE;
				MTL_FAST_MATH = YES;
				ONLY_ACTIVE_ARCH = YES;
				SDKROOT = iphoneos;
				SWIFT_ACTIVE_COMPILATION_CONDITIONS = DEBUG;
				SWIFT_OPTIMIZATION_LEVEL = "-Onone";
			};
			name = Debug;
		};
		C9581336241BA0260004C1BD /* Release */ = {
			isa = XCBuildConfiguration;
			buildSettings = {
				ALWAYS_SEARCH_USER_PATHS = NO;
				CLANG_ANALYZER_NONNULL = YES;
				CLANG_ANALYZER_NUMBER_OBJECT_CONVERSION = YES_AGGRESSIVE;
				CLANG_CXX_LANGUAGE_STANDARD = "gnu++14";
				CLANG_CXX_LIBRARY = "libc++";
				CLANG_ENABLE_MODULES = YES;
				CLANG_ENABLE_OBJC_ARC = YES;
				CLANG_ENABLE_OBJC_WEAK = YES;
				CLANG_WARN_BLOCK_CAPTURE_AUTORELEASING = YES;
				CLANG_WARN_BOOL_CONVERSION = YES;
				CLANG_WARN_COMMA = YES;
				CLANG_WARN_CONSTANT_CONVERSION = YES;
				CLANG_WARN_DEPRECATED_OBJC_IMPLEMENTATIONS = YES;
				CLANG_WARN_DIRECT_OBJC_ISA_USAGE = YES_ERROR;
				CLANG_WARN_DOCUMENTATION_COMMENTS = YES;
				CLANG_WARN_EMPTY_BODY = YES;
				CLANG_WARN_ENUM_CONVERSION = YES;
				CLANG_WARN_INFINITE_RECURSION = YES;
				CLANG_WARN_INT_CONVERSION = YES;
				CLANG_WARN_NON_LITERAL_NULL_CONVERSION = YES;
				CLANG_WARN_OBJC_IMPLICIT_RETAIN_SELF = YES;
				CLANG_WARN_OBJC_LITERAL_CONVERSION = YES;
				CLANG_WARN_OBJC_ROOT_CLASS = YES_ERROR;
				CLANG_WARN_RANGE_LOOP_ANALYSIS = YES;
				CLANG_WARN_STRICT_PROTOTYPES = YES;
				CLANG_WARN_SUSPICIOUS_MOVE = YES;
				CLANG_WARN_UNGUARDED_AVAILABILITY = YES_AGGRESSIVE;
				CLANG_WARN_UNREACHABLE_CODE = YES;
				CLANG_WARN__DUPLICATE_METHOD_MATCH = YES;
				CODE_SIGN_IDENTITY = "iPhone Developer";
				COPY_PHASE_STRIP = NO;
				DEBUG_INFORMATION_FORMAT = "dwarf-with-dsym";
				ENABLE_NS_ASSERTIONS = NO;
				ENABLE_STRICT_OBJC_MSGSEND = YES;
				GCC_C_LANGUAGE_STANDARD = gnu11;
				GCC_NO_COMMON_BLOCKS = YES;
				GCC_WARN_64_TO_32_BIT_CONVERSION = YES;
				GCC_WARN_ABOUT_RETURN_TYPE = YES_ERROR;
				GCC_WARN_UNDECLARED_SELECTOR = YES;
				GCC_WARN_UNINITIALIZED_AUTOS = YES_AGGRESSIVE;
				GCC_WARN_UNUSED_FUNCTION = YES;
				GCC_WARN_UNUSED_VARIABLE = YES;
				IPHONEOS_DEPLOYMENT_TARGET = 12.1;
				MTL_ENABLE_DEBUG_INFO = NO;
				MTL_FAST_MATH = YES;
				SDKROOT = iphoneos;
				SWIFT_COMPILATION_MODE = wholemodule;
				SWIFT_OPTIMIZATION_LEVEL = "-O";
				VALIDATE_PRODUCT = YES;
			};
			name = Release;
		};
		C9581338241BA0260004C1BD /* Debug */ = {
			isa = XCBuildConfiguration;
			buildSettings = {
				ASSETCATALOG_COMPILER_APPICON_NAME = AppIcon;
				CODE_SIGN_STYLE = Automatic;
				INFOPLIST_FILE = DreamLister/Info.plist;
				LD_RUNPATH_SEARCH_PATHS = (
					"$(inherited)",
					"@executable_path/Frameworks",
				);
				PRODUCT_BUNDLE_IDENTIFIER = com.DeviSons.DreamLister;
				PRODUCT_NAME = "$(TARGET_NAME)";
				SWIFT_VERSION = 4.2;
				TARGETED_DEVICE_FAMILY = "1,2";
			};
			name = Debug;
		};
		C9581339241BA0260004C1BD /* Release */ = {
			isa = XCBuildConfiguration;
			buildSettings = {
				ASSETCATALOG_COMPILER_APPICON_NAME = AppIcon;
				CODE_SIGN_STYLE = Automatic;
				INFOPLIST_FILE = DreamLister/Info.plist;
				LD_RUNPATH_SEARCH_PATHS = (
					"$(inherited)",
					"@executable_path/Frameworks",
				);
				PRODUCT_BUNDLE_IDENTIFIER = com.DeviSons.DreamLister;
				PRODUCT_NAME = "$(TARGET_NAME)";
				SWIFT_VERSION = 4.2;
				TARGETED_DEVICE_FAMILY = "1,2";
			};
			name = Release;
		};
/* End XCBuildConfiguration section */

/* Begin XCConfigurationList section */
		C958131D241BA0160004C1BD /* Build configuration list for PBXProject "DreamLister" */ = {
			isa = XCConfigurationList;
			buildConfigurations = (
				C9581335241BA0260004C1BD /* Debug */,
				C9581336241BA0260004C1BD /* Release */,
			);
			defaultConfigurationIsVisible = 0;
			defaultConfigurationName = Release;
		};
		C9581337241BA0260004C1BD /* Build configuration list for PBXNativeTarget "DreamLister" */ = {
			isa = XCConfigurationList;
			buildConfigurations = (
				C9581338241BA0260004C1BD /* Debug */,
				C9581339241BA0260004C1BD /* Release */,
			);
			defaultConfigurationIsVisible = 0;
			defaultConfigurationName = Release;
		};
/* End XCConfigurationList section */

/* Begin XCVersionGroup section */
		C958132C241BA0160004C1BD /* DreamLister.xcdatamodeld */ = {
			isa = XCVersionGroup;
			children = (
				C958132D241BA0160004C1BD /* DreamLister.xcdatamodel */,
			);
			currentVersion = C958132D241BA0160004C1BD /* DreamLister.xcdatamodel */;
			path = DreamLister.xcdatamodeld;
			sourceTree = "<group>";
			versionGroupType = wrapper.xcdatamodel;
		};
/* End XCVersionGroup section */
	};
	rootObject = C958131A241BA0160004C1BD /* Project object */;
}
